// !$*UTF8*$!
{
	archiveVersion = 1;
	classes = {
	};
	objectVersion = 50;
	objects = {

/* Begin PBXBuildFile section */
		8DD740AC23F92FE4001F119B /* AppDelegate.swift in Sources */ = {isa = PBXBuildFile; fileRef = 8DD740AB23F92FE4001F119B /* AppDelegate.swift */; };
		8DD740AE23F92FE4001F119B /* SceneDelegate.swift in Sources */ = {isa = PBXBuildFile; fileRef = 8DD740AD23F92FE4001F119B /* SceneDelegate.swift */; };
		8DD740B023F92FE4001F119B /* OnboardingViewController.swift in Sources */ = {isa = PBXBuildFile; fileRef = 8DD740AF23F92FE4001F119B /* OnboardingViewController.swift */; };
		8DD740B323F92FE4001F119B /* Main.storyboard in Resources */ = {isa = PBXBuildFile; fileRef = 8DD740B123F92FE4001F119B /* Main.storyboard */; };
		8DD740B523F92FE5001F119B /* Assets.xcassets in Resources */ = {isa = PBXBuildFile; fileRef = 8DD740B423F92FE5001F119B /* Assets.xcassets */; };
		8DD740B823F92FE5001F119B /* LaunchScreen.storyboard in Resources */ = {isa = PBXBuildFile; fileRef = 8DD740B623F92FE5001F119B /* LaunchScreen.storyboard */; };
		8DD740C023F93FFC001F119B /* bg_video.mp4 in Resources */ = {isa = PBXBuildFile; fileRef = 8DD740BF23F93FFC001F119B /* bg_video.mp4 */; };
/* End PBXBuildFile section */

/* Begin PBXFileReference section */
		8DD740A823F92FE4001F119B /* onboarding-holiday-app.app */ = {isa = PBXFileReference; explicitFileType = wrapper.application; includeInIndex = 0; path = "onboarding-holiday-app.app"; sourceTree = BUILT_PRODUCTS_DIR; };
		8DD740AB23F92FE4001F119B /* AppDelegate.swift */ = {isa = PBXFileReference; lastKnownFileType = sourcecode.swift; path = AppDelegate.swift; sourceTree = "<group>"; };
		8DD740AD23F92FE4001F119B /* SceneDelegate.swift */ = {isa = PBXFileReference; lastKnownFileType = sourcecode.swift; path = SceneDelegate.swift; sourceTree = "<group>"; };
		8DD740AF23F92FE4001F119B /* OnboardingViewController.swift */ = {isa = PBXFileReference; lastKnownFileType = sourcecode.swift; path = OnboardingViewController.swift; sourceTree = "<group>"; };
		8DD740B223F92FE4001F119B /* Base */ = {isa = PBXFileReference; lastKnownFileType = file.storyboard; name = Base; path = Base.lproj/Main.storyboard; sourceTree = "<group>"; };
		8DD740B423F92FE5001F119B /* Assets.xcassets */ = {isa = PBXFileReference; lastKnownFileType = folder.assetcatalog; path = Assets.xcassets; sourceTree = "<group>"; };
		8DD740B723F92FE5001F119B /* Base */ = {isa = PBXFileReference; lastKnownFileType = file.storyboard; name = Base; path = Base.lproj/LaunchScreen.storyboard; sourceTree = "<group>"; };
		8DD740B923F92FE5001F119B /* Info.plist */ = {isa = PBXFileReference; lastKnownFileType = text.plist.xml; path = Info.plist; sourceTree = "<group>"; };
		8DD740BF23F93FFC001F119B /* bg_video.mp4 */ = {isa = PBXFileReference; lastKnownFileType = file; path = bg_video.mp4; sourceTree = "<group>"; };
/* End PBXFileReference section */

/* Begin PBXFrameworksBuildPhase section */
		8DD740A523F92FE4001F119B /* Frameworks */ = {
			isa = PBXFrameworksBuildPhase;
			buildActionMask = 2147483647;
			files = (
			);
			runOnlyForDeploymentPostprocessing = 0;
		};
/* End PBXFrameworksBuildPhase section */

/* Begin PBXGroup section */
		8D88558623FBC37B00644EC2 /* assets */ = {
			isa = PBXGroup;
			children = (
				8DD740BF23F93FFC001F119B /* bg_video.mp4 */,
			);
			path = assets;
			sourceTree = "<group>";
		};
		8D88558723FBC38900644EC2 /* controller */ = {
			isa = PBXGroup;
			children = (
				8DD740AF23F92FE4001F119B /* OnboardingViewController.swift */,
			);
			path = controller;
			sourceTree = "<group>";
		};
		8DD7409F23F92FE4001F119B = {
			isa = PBXGroup;
			children = (
				8DD740AA23F92FE4001F119B /* onboarding-holiday-app */,
				8DD740A923F92FE4001F119B /* Products */,
			);
			sourceTree = "<group>";
		};
		8DD740A923F92FE4001F119B /* Products */ = {
			isa = PBXGroup;
			children = (
				8DD740A823F92FE4001F119B /* onboarding-holiday-app.app */,
			);
			name = Products;
			sourceTree = "<group>";
		};
		8DD740AA23F92FE4001F119B /* onboarding-holiday-app */ = {
			isa = PBXGroup;
			children = (
				8D88558723FBC38900644EC2 /* controller */,
				8D88558623FBC37B00644EC2 /* assets */,
				8DD740AB23F92FE4001F119B /* AppDelegate.swift */,
				8DD740AD23F92FE4001F119B /* SceneDelegate.swift */,
				8DD740B123F92FE4001F119B /* Main.storyboard */,
				8DD740B423F92FE5001F119B /* Assets.xcassets */,
				8DD740B623F92FE5001F119B /* LaunchScreen.storyboard */,
				8DD740B923F92FE5001F119B /* Info.plist */,
			);
			path = "onboarding-holiday-app";
			sourceTree = "<group>";
		};
/* End PBXGroup section */

/* Begin PBXNativeTarget section */
		8DD740A723F92FE4001F119B /* onboarding-holiday-app */ = {
			isa = PBXNativeTarget;
			buildConfigurationList = 8DD740BC23F92FE5001F119B /* Build configuration list for PBXNativeTarget "onboarding-holiday-app" */;
			buildPhases = (
				8DD740A423F92FE4001F119B /* Sources */,
				8DD740A523F92FE4001F119B /* Frameworks */,
				8DD740A623F92FE4001F119B /* Resources */,
			);
			buildRules = (
			);
			dependencies = (
			);
			name = "onboarding-holiday-app";
			productName = "onboarding-holiday-app";
			productReference = 8DD740A823F92FE4001F119B /* onboarding-holiday-app.app */;
			productType = "com.apple.product-type.application";
		};
/* End PBXNativeTarget section */

/* Begin PBXProject section */
		8DD740A023F92FE4001F119B /* Project object */ = {
			isa = PBXProject;
			attributes = {
				LastSwiftUpdateCheck = 1130;
				LastUpgradeCheck = 1130;
				ORGANIZATIONNAME = "Kelvin Fok";
				TargetAttributes = {
					8DD740A723F92FE4001F119B = {
						CreatedOnToolsVersion = 11.3.1;
					};
				};
			};
			buildConfigurationList = 8DD740A323F92FE4001F119B /* Build configuration list for PBXProject "onboarding-holiday-app" */;
			compatibilityVersion = "Xcode 9.3";
			developmentRegion = en;
			hasScannedForEncodings = 0;
			knownRegions = (
				en,
				Base,
			);
			mainGroup = 8DD7409F23F92FE4001F119B;
			productRefGroup = 8DD740A923F92FE4001F119B /* Products */;
			projectDirPath = "";
			projectRoot = "";
			targets = (
				8DD740A723F92FE4001F119B /* onboarding-holiday-app */,
			);
		};
/* End PBXProject section */

/* Begin PBXResourcesBuildPhase section */
		8DD740A623F92FE4001F119B /* Resources */ = {
			isa = PBXResourcesBuildPhase;
			buildActionMask = 2147483647;
			files = (
				8DD740B823F92FE5001F119B /* LaunchScreen.storyboard in Resources */,
				8DD740B523F92FE5001F119B /* Assets.xcassets in Resources */,
				8DD740C023F93FFC001F119B /* bg_video.mp4 in Resources */,
				8DD740B323F92FE4001F119B /* Main.storyboard in Resources */,
			);
			runOnlyForDeploymentPostprocessing = 0;
		};
/* End PBXResourcesBuildPhase section */

/* Begin PBXSourcesBuildPhase section */
		8DD740A423F92FE4001F119B /* Sources */ = {
			isa = PBXSourcesBuildPhase;
			buildActionMask = 2147483647;
			files = (
				8DD740B023F92FE4001F119B /* OnboardingViewController.swift in Sources */,
				8DD740AC23F92FE4001F119B /* AppDelegate.swift in Sources */,
				8DD740AE23F92FE4001F119B /* SceneDelegate.swift in Sources */,
			);
			runOnlyForDeploymentPostprocessing = 0;
		};
/* End PBXSourcesBuildPhase section */

/* Begin PBXVariantGroup section */
		8DD740B123F92FE4001F119B /* Main.storyboard */ = {
			isa = PBXVariantGroup;
			children = (
				8DD740B223F92FE4001F119B /* Base */,
			);
			name = Main.storyboard;
			sourceTree = "<group>";
		};
		8DD740B623F92FE5001F119B /* LaunchScreen.storyboard */ = {
			isa = PBXVariantGroup;
			children = (
				8DD740B723F92FE5001F119B /* Base */,
			);
			name = LaunchScreen.storyboard;
			sourceTree = "<group>";
		};
/* End PBXVariantGroup section */

/* Begin XCBuildConfiguration section */
		8DD740BA23F92FE5001F119B /* Debug */ = {
			isa = XCBuildConfiguration;
			buildSettings = {
				ALWAYS_SEARCH_USER_PATHS = NO;
				CLANG_ANALYZER_NONNULL = YES;
				CLANG_ANALYZER_NUMBER_OBJECT_CONVERSION = YES_AGGRESSIVE;
				CLANG_CXX_LANGUAGE_STANDARD = "gnu++14";
				CLANG_CXX_LIBRARY = "libc++";
				CLANG_ENABLE_MODULES = YES;
				CLANG_ENABLE_OBJC_ARC = YES;
				CLANG_ENABLE_OBJC_WEAK = YES;
				CLANG_WARN_BLOCK_CAPTURE_AUTORELEASING = YES;
				CLANG_WARN_BOOL_CONVERSION = YES;
				CLANG_WARN_COMMA = YES;
				CLANG_WARN_CONSTANT_CONVERSION = YES;
				CLANG_WARN_DEPRECATED_OBJC_IMPLEMENTATIONS = YES;
				CLANG_WARN_DIRECT_OBJC_ISA_USAGE = YES_ERROR;
				CLANG_WARN_DOCUMENTATION_COMMENTS = YES;
				CLANG_WARN_EMPTY_BODY = YES;
				CLANG_WARN_ENUM_CONVERSION = YES;
				CLANG_WARN_INFINITE_RECURSION = YES;
				CLANG_WARN_INT_CONVERSION = YES;
				CLANG_WARN_NON_LITERAL_NULL_CONVERSION = YES;
				CLANG_WARN_OBJC_IMPLICIT_RETAIN_SELF = YES;
				CLANG_WARN_OBJC_LITERAL_CONVERSION = YES;
				CLANG_WARN_OBJC_ROOT_CLASS = YES_ERROR;
				CLANG_WARN_RANGE_LOOP_ANALYSIS = YES;
				CLANG_WARN_STRICT_PROTOTYPES = YES;
				CLANG_WARN_SUSPICIOUS_MOVE = YES;
				CLANG_WARN_UNGUARDED_AVAILABILITY = YES_AGGRESSIVE;
				CLANG_WARN_UNREACHABLE_CODE = YES;
				CLANG_WARN__DUPLICATE_METHOD_MATCH = YES;
				COPY_PHASE_STRIP = NO;
				DEBUG_INFORMATION_FORMAT = dwarf;
				ENABLE_STRICT_OBJC_MSGSEND = YES;
				ENABLE_TESTABILITY = YES;
				GCC_C_LANGUAGE_STANDARD = gnu11;
				GCC_DYNAMIC_NO_PIC = NO;
				GCC_NO_COMMON_BLOCKS = YES;
				GCC_OPTIMIZATION_LEVEL = 0;
				GCC_PREPROCESSOR_DEFINITIONS = (
					"DEBUG=1",
					"$(inherited)",
				);
				GCC_WARN_64_TO_32_BIT_CONVERSION = YES;
				GCC_WARN_ABOUT_RETURN_TYPE = YES_ERROR;
				GCC_WARN_UNDECLARED_SELECTOR = YES;
				GCC_WARN_UNINITIALIZED_AUTOS = YES_AGGRESSIVE;
				GCC_WARN_UNUSED_FUNCTION = YES;
				GCC_WARN_UNUSED_VARIABLE = YES;
				IPHONEOS_DEPLOYMENT_TARGET = 13.2;
				MTL_ENABLE_DEBUG_INFO = INCLUDE_SOURCE;
				MTL_FAST_MATH = YES;
				ONLY_ACTIVE_ARCH = YES;
				SDKROOT = iphoneos;
				SWIFT_ACTIVE_COMPILATION_CONDITIONS = DEBUG;
				SWIFT_OPTIMIZATION_LEVEL = "-Onone";
			};
			name = Debug;
		};
		8DD740BB23F92FE5001F119B /* Release */ = {
			isa = XCBuildConfiguration;
			buildSettings = {
				ALWAYS_SEARCH_USER_PATHS = NO;
				CLANG_ANALYZER_NONNULL = YES;
				CLANG_ANALYZER_NUMBER_OBJECT_CONVERSION = YES_AGGRESSIVE;
				CLANG_CXX_LANGUAGE_STANDARD = "gnu++14";
				CLANG_CXX_LIBRARY = "libc++";
				CLANG_ENABLE_MODULES = YES;
				CLANG_ENABLE_OBJC_ARC = YES;
				CLANG_ENABLE_OBJC_WEAK = YES;
				CLANG_WARN_BLOCK_CAPTURE_AUTORELEASING = YES;
				CLANG_WARN_BOOL_CONVERSION = YES;
				CLANG_WARN_COMMA = YES;
				CLANG_WARN_CONSTANT_CONVERSION = YES;
				CLANG_WARN_DEPRECATED_OBJC_IMPLEMENTATIONS = YES;
				CLANG_WARN_DIRECT_OBJC_ISA_USAGE = YES_ERROR;
				CLANG_WARN_DOCUMENTATION_COMMENTS = YES;
				CLANG_WARN_EMPTY_BODY = YES;
				CLANG_WARN_ENUM_CONVERSION = YES;
				CLANG_WARN_INFINITE_RECURSION = YES;
				CLANG_WARN_INT_CONVERSION = YES;
				CLANG_WARN_NON_LITERAL_NULL_CONVERSION = YES;
				CLANG_WARN_OBJC_IMPLICIT_RETAIN_SELF = YES;
				CLANG_WARN_OBJC_LITERAL_CONVERSION = YES;
				CLANG_WARN_OBJC_ROOT_CLASS = YES_ERROR;
				CLANG_WARN_RANGE_LOOP_ANALYSIS = YES;
				CLANG_WARN_STRICT_PROTOTYPES = YES;
				CLANG_WARN_SUSPICIOUS_MOVE = YES;
				CLANG_WARN_UNGUARDED_AVAILABILITY = YES_AGGRESSIVE;
				CLANG_WARN_UNREACHABLE_CODE = YES;
				CLANG_WARN__DUPLICATE_METHOD_MATCH = YES;
				COPY_PHASE_STRIP = NO;
				DEBUG_INFORMATION_FORMAT = "dwarf-with-dsym";
				ENABLE_NS_ASSERTIONS = NO;
				ENABLE_STRICT_OBJC_MSGSEND = YES;
				GCC_C_LANGUAGE_STANDARD = gnu11;
				GCC_NO_COMMON_BLOCKS = YES;
				GCC_WARN_64_TO_32_BIT_CONVERSION = YES;
				GCC_WARN_ABOUT_RETURN_TYPE = YES_ERROR;
				GCC_WARN_UNDECLARED_SELECTOR = YES;
				GCC_WARN_UNINITIALIZED_AUTOS = YES_AGGRESSIVE;
				GCC_WARN_UNUSED_FUNCTION = YES;
				GCC_WARN_UNUSED_VARIABLE = YES;
				IPHONEOS_DEPLOYMENT_TARGET = 13.2;
				MTL_ENABLE_DEBUG_INFO = NO;
				MTL_FAST_MATH = YES;
				SDKROOT = iphoneos;
				SWIFT_COMPILATION_MODE = wholemodule;
				SWIFT_OPTIMIZATION_LEVEL = "-O";
				VALIDATE_PRODUCT = YES;
			};
			name = Release;
		};
		8DD740BD23F92FE5001F119B /* Debug */ = {
			isa = XCBuildConfiguration;
			buildSettings = {
				ASSETCATALOG_COMPILER_APPICON_NAME = AppIcon;
				CODE_SIGN_STYLE = Automatic;
				INFOPLIST_FILE = "onboarding-holiday-app/Info.plist";
				LD_RUNPATH_SEARCH_PATHS = (
					"$(inherited)",
					"@executable_path/Frameworks",
				);
				PRODUCT_BUNDLE_IDENTIFIER = "com.kelvinfok.onboarding-holiday-app";
				PRODUCT_NAME = "$(TARGET_NAME)";
				SWIFT_VERSION = 5.0;
				TARGETED_DEVICE_FAMILY = "1,2";
			};
			name = Debug;
		};
		8DD740BE23F92FE5001F119B /* Release */ = {
			isa = XCBuildConfiguration;
			buildSettings = {
				ASSETCATALOG_COMPILER_APPICON_NAME = AppIcon;
				CODE_SIGN_STYLE = Automatic;
				INFOPLIST_FILE = "onboarding-holiday-app/Info.plist";
				LD_RUNPATH_SEARCH_PATHS = (
					"$(inherited)",
					"@executable_path/Frameworks",
				);
				PRODUCT_BUNDLE_IDENTIFIER = "com.kelvinfok.onboarding-holiday-app";
				PRODUCT_NAME = "$(TARGET_NAME)";
				SWIFT_VERSION = 5.0;
				TARGETED_DEVICE_FAMILY = "1,2";
			};
			name = Release;
		};
/* End XCBuildConfiguration section */

/* Begin XCConfigurationList section */
		8DD740A323F92FE4001F119B /* Build configuration list for PBXProject "onboarding-holiday-app" */ = {
			isa = XCConfigurationList;
			buildConfigurations = (
				8DD740BA23F92FE5001F119B /* Debug */,
				8DD740BB23F92FE5001F119B /* Release */,
			);
			defaultConfigurationIsVisible = 0;
			defaultConfigurationName = Release;
		};
		8DD740BC23F92FE5001F119B /* Build configuration list for PBXNativeTarget "onboarding-holiday-app" */ = {
			isa = XCConfigurationList;
			buildConfigurations = (
				8DD740BD23F92FE5001F119B /* Debug */,
				8DD740BE23F92FE5001F119B /* Release */,
			);
			defaultConfigurationIsVisible = 0;
			defaultConfigurationName = Release;
		};
/* End XCConfigurationList section */
	};
	rootObject = 8DD740A023F92FE4001F119B /* Project object */;
}
